
Microsoft Visual Studio Solution File, Format Version 12.00
# Visual Studio Version 16
VisualStudioVersion = 16.0.29102.190
MinimumVisualStudioVersion = 10.0.40219.1
Project("{FAE04EC0-301F-11D3-BF4B-00C04F79EFBC}") = "AjaxOperations", "AjaxOperations\AjaxOperations.csproj", "{6306CE1D-87FF-42B7-9FC1-19DC31BBBD4C}"
EndProject
Global
	GlobalSection(SolutionConfigurationPlatforms) = preSolution
		Debug|Any CPU = Debug|Any CPU
		Release|Any CPU = Release|Any CPU
	EndGlobalSection
	GlobalSection(ProjectConfigurationPlatforms) = postSolution
		{6306CE1D-87FF-42B7-9FC1-19DC31BBBD4C}.Debug|Any CPU.ActiveCfg = Debug|Any CPU
		{6306CE1D-87FF-42B7-9FC1-19DC31BBBD4C}.Debug|Any CPU.Build.0 = Debug|Any CPU
		{6306CE1D-87FF-42B7-9FC1-19DC31BBBD4C}.Release|Any CPU.ActiveCfg = Release|Any CPU
		{6306CE1D-87FF-42B7-9FC1-19DC31BBBD4C}.Release|Any CPU.Build.0 = Release|Any CPU
	EndGlobalSection
	GlobalSection(SolutionProperties) = preSolution
		HideSolutionNode = FALSE
	EndGlobalSection
	GlobalSection(ExtensibilityGlobals) = postSolution
		SolutionGuid = {D1E23FFC-95B8-4371-8395-8D132B09FFB0}
	EndGlobalSection
EndGlobal
